// !$*UTF8*$!
{
	archiveVersion = 1;
	classes = {
	};
	objectVersion = 55;
	objects = {

/* Begin PBXBuildFile section */
		131441E32902BBC000732AF7 /* Extensions.swift in Sources */ = {isa = PBXBuildFile; fileRef = 131441E22902BBC000732AF7 /* Extensions.swift */; };
		131441E52902C3F000732AF7 /* FeedView.swift in Sources */ = {isa = PBXBuildFile; fileRef = 131441E42902C3F000732AF7 /* FeedView.swift */; };
		131441E62902C3F000732AF7 /* FeedView.swift in Sources */ = {isa = PBXBuildFile; fileRef = 131441E42902C3F000732AF7 /* FeedView.swift */; };
		131441E82902C4D300732AF7 /* PostView.swift in Sources */ = {isa = PBXBuildFile; fileRef = 131441E72902C4D200732AF7 /* PostView.swift */; };
		131441E92902C4D300732AF7 /* PostView.swift in Sources */ = {isa = PBXBuildFile; fileRef = 131441E72902C4D200732AF7 /* PostView.swift */; };
		131441EC2902D52E00732AF7 /* PostModel.swift in Sources */ = {isa = PBXBuildFile; fileRef = 131441EB2902D52E00732AF7 /* PostModel.swift */; };
		131441EE2902D8D200732AF7 /* PostArrayObject.swift in Sources */ = {isa = PBXBuildFile; fileRef = 131441ED2902D8D200732AF7 /* PostArrayObject.swift */; };
		131441F02902DF4E00732AF7 /* CommentView.swift in Sources */ = {isa = PBXBuildFile; fileRef = 131441EF2902DF4E00732AF7 /* CommentView.swift */; };
		131441F12902DF4E00732AF7 /* CommentView.swift in Sources */ = {isa = PBXBuildFile; fileRef = 131441EF2902DF4E00732AF7 /* CommentView.swift */; };
		131441F32902E33600732AF7 /* MessageView.swift in Sources */ = {isa = PBXBuildFile; fileRef = 131441F22902E33600732AF7 /* MessageView.swift */; };
		131441F42902E33600732AF7 /* MessageView.swift in Sources */ = {isa = PBXBuildFile; fileRef = 131441F22902E33600732AF7 /* MessageView.swift */; };
		131441F62902E46800732AF7 /* CommentModel.swift in Sources */ = {isa = PBXBuildFile; fileRef = 131441F52902E46800732AF7 /* CommentModel.swift */; };
		131441F72902E46800732AF7 /* CommentModel.swift in Sources */ = {isa = PBXBuildFile; fileRef = 131441F52902E46800732AF7 /* CommentModel.swift */; };
		131441F929055B3C00732AF7 /* BrowseView.swift in Sources */ = {isa = PBXBuildFile; fileRef = 131441F829055B3C00732AF7 /* BrowseView.swift */; };
		131441FA29055B3C00732AF7 /* BrowseView.swift in Sources */ = {isa = PBXBuildFile; fileRef = 131441F829055B3C00732AF7 /* BrowseView.swift */; };
		131441FC29055F0400732AF7 /* CarousselView.swift in Sources */ = {isa = PBXBuildFile; fileRef = 131441FB29055F0400732AF7 /* CarousselView.swift */; };
		131441FD29055F0400732AF7 /* CarousselView.swift in Sources */ = {isa = PBXBuildFile; fileRef = 131441FB29055F0400732AF7 /* CarousselView.swift */; };
		131441FF2905672A00732AF7 /* ImageGridView.swift in Sources */ = {isa = PBXBuildFile; fileRef = 131441FE2905672A00732AF7 /* ImageGridView.swift */; };
		131442002905672A00732AF7 /* ImageGridView.swift in Sources */ = {isa = PBXBuildFile; fileRef = 131441FE2905672A00732AF7 /* ImageGridView.swift */; };
		131442022905839500732AF7 /* UploadView.swift in Sources */ = {isa = PBXBuildFile; fileRef = 131442012905839500732AF7 /* UploadView.swift */; };
		131442032905839500732AF7 /* UploadView.swift in Sources */ = {isa = PBXBuildFile; fileRef = 131442012905839500732AF7 /* UploadView.swift */; };
		1314420529058B7100732AF7 /* ImagePicker.swift in Sources */ = {isa = PBXBuildFile; fileRef = 1314420429058B7100732AF7 /* ImagePicker.swift */; };
		1314420629058B7100732AF7 /* ImagePicker.swift in Sources */ = {isa = PBXBuildFile; fileRef = 1314420429058B7100732AF7 /* ImagePicker.swift */; };
		1392C27728F9808C009B0CBF /* Tests_iOS.swift in Sources */ = {isa = PBXBuildFile; fileRef = 1392C27628F9808C009B0CBF /* Tests_iOS.swift */; };
		1392C27928F9808C009B0CBF /* Tests_iOSLaunchTests.swift in Sources */ = {isa = PBXBuildFile; fileRef = 1392C27828F9808C009B0CBF /* Tests_iOSLaunchTests.swift */; };
		1392C28328F9808C009B0CBF /* Tests_macOS.swift in Sources */ = {isa = PBXBuildFile; fileRef = 1392C28228F9808C009B0CBF /* Tests_macOS.swift */; };
		1392C28528F9808C009B0CBF /* Tests_macOSLaunchTests.swift in Sources */ = {isa = PBXBuildFile; fileRef = 1392C28428F9808C009B0CBF /* Tests_macOSLaunchTests.swift */; };
		1392C28628F9808C009B0CBF /* InstagramCloneApp.swift in Sources */ = {isa = PBXBuildFile; fileRef = 1392C25E28F98088009B0CBF /* InstagramCloneApp.swift */; };
		1392C28728F9808C009B0CBF /* InstagramCloneApp.swift in Sources */ = {isa = PBXBuildFile; fileRef = 1392C25E28F98088009B0CBF /* InstagramCloneApp.swift */; };
		1392C28828F9808C009B0CBF /* ContentView.swift in Sources */ = {isa = PBXBuildFile; fileRef = 1392C25F28F98088009B0CBF /* ContentView.swift */; };
		1392C28928F9808C009B0CBF /* ContentView.swift in Sources */ = {isa = PBXBuildFile; fileRef = 1392C25F28F98088009B0CBF /* ContentView.swift */; };
		1392C28A28F9808C009B0CBF /* Assets.xcassets in Resources */ = {isa = PBXBuildFile; fileRef = 1392C26028F9808B009B0CBF /* Assets.xcassets */; };
		1392C28B28F9808C009B0CBF /* Assets.xcassets in Resources */ = {isa = PBXBuildFile; fileRef = 1392C26028F9808B009B0CBF /* Assets.xcassets */; };
/* End PBXBuildFile section */

/* Begin PBXContainerItemProxy section */
		1392C27328F9808C009B0CBF /* PBXContainerItemProxy */ = {
			isa = PBXContainerItemProxy;
			containerPortal = 1392C25928F98088009B0CBF /* Project object */;
			proxyType = 1;
			remoteGlobalIDString = 1392C26428F9808B009B0CBF;
			remoteInfo = "InstagramClone (iOS)";
		};
		1392C27F28F9808C009B0CBF /* PBXContainerItemProxy */ = {
			isa = PBXContainerItemProxy;
			containerPortal = 1392C25928F98088009B0CBF /* Project object */;
			proxyType = 1;
			remoteGlobalIDString = 1392C26A28F9808C009B0CBF;
			remoteInfo = "InstagramClone (macOS)";
		};
/* End PBXContainerItemProxy section */

/* Begin PBXFileReference section */
		131441E22902BBC000732AF7 /* Extensions.swift */ = {isa = PBXFileReference; lastKnownFileType = sourcecode.swift; path = Extensions.swift; sourceTree = "<group>"; };
		131441E42902C3F000732AF7 /* FeedView.swift */ = {isa = PBXFileReference; lastKnownFileType = sourcecode.swift; path = FeedView.swift; sourceTree = "<group>"; };
		131441E72902C4D200732AF7 /* PostView.swift */ = {isa = PBXFileReference; lastKnownFileType = sourcecode.swift; path = PostView.swift; sourceTree = "<group>"; };
		131441EB2902D52E00732AF7 /* PostModel.swift */ = {isa = PBXFileReference; lastKnownFileType = sourcecode.swift; path = PostModel.swift; sourceTree = "<group>"; };
		131441ED2902D8D200732AF7 /* PostArrayObject.swift */ = {isa = PBXFileReference; lastKnownFileType = sourcecode.swift; path = PostArrayObject.swift; sourceTree = "<group>"; };
		131441EF2902DF4E00732AF7 /* CommentView.swift */ = {isa = PBXFileReference; lastKnownFileType = sourcecode.swift; path = CommentView.swift; sourceTree = "<group>"; };
		131441F22902E33600732AF7 /* MessageView.swift */ = {isa = PBXFileReference; lastKnownFileType = sourcecode.swift; path = MessageView.swift; sourceTree = "<group>"; };
		131441F52902E46800732AF7 /* CommentModel.swift */ = {isa = PBXFileReference; lastKnownFileType = sourcecode.swift; path = CommentModel.swift; sourceTree = "<group>"; };
		131441F829055B3C00732AF7 /* BrowseView.swift */ = {isa = PBXFileReference; lastKnownFileType = sourcecode.swift; path = BrowseView.swift; sourceTree = "<group>"; };
		131441FB29055F0400732AF7 /* CarousselView.swift */ = {isa = PBXFileReference; lastKnownFileType = sourcecode.swift; path = CarousselView.swift; sourceTree = "<group>"; };
		131441FE2905672A00732AF7 /* ImageGridView.swift */ = {isa = PBXFileReference; lastKnownFileType = sourcecode.swift; path = ImageGridView.swift; sourceTree = "<group>"; };
		131442012905839500732AF7 /* UploadView.swift */ = {isa = PBXFileReference; lastKnownFileType = sourcecode.swift; path = UploadView.swift; sourceTree = "<group>"; };
		1314420429058B7100732AF7 /* ImagePicker.swift */ = {isa = PBXFileReference; lastKnownFileType = sourcecode.swift; path = ImagePicker.swift; sourceTree = "<group>"; };
		1392C25E28F98088009B0CBF /* InstagramCloneApp.swift */ = {isa = PBXFileReference; lastKnownFileType = sourcecode.swift; path = InstagramCloneApp.swift; sourceTree = "<group>"; };
		1392C25F28F98088009B0CBF /* ContentView.swift */ = {isa = PBXFileReference; lastKnownFileType = sourcecode.swift; path = ContentView.swift; sourceTree = "<group>"; };
		1392C26028F9808B009B0CBF /* Assets.xcassets */ = {isa = PBXFileReference; lastKnownFileType = folder.assetcatalog; path = Assets.xcassets; sourceTree = "<group>"; };
		1392C26528F9808B009B0CBF /* InstagramClone.app */ = {isa = PBXFileReference; explicitFileType = wrapper.application; includeInIndex = 0; path = InstagramClone.app; sourceTree = BUILT_PRODUCTS_DIR; };
		1392C26B28F9808C009B0CBF /* InstagramClone.app */ = {isa = PBXFileReference; explicitFileType = wrapper.application; includeInIndex = 0; path = InstagramClone.app; sourceTree = BUILT_PRODUCTS_DIR; };
		1392C26D28F9808C009B0CBF /* macOS.entitlements */ = {isa = PBXFileReference; lastKnownFileType = text.plist.entitlements; path = macOS.entitlements; sourceTree = "<group>"; };
		1392C27228F9808C009B0CBF /* Tests iOS.xctest */ = {isa = PBXFileReference; explicitFileType = wrapper.cfbundle; includeInIndex = 0; path = "Tests iOS.xctest"; sourceTree = BUILT_PRODUCTS_DIR; };
		1392C27628F9808C009B0CBF /* Tests_iOS.swift */ = {isa = PBXFileReference; lastKnownFileType = sourcecode.swift; path = Tests_iOS.swift; sourceTree = "<group>"; };
		1392C27828F9808C009B0CBF /* Tests_iOSLaunchTests.swift */ = {isa = PBXFileReference; lastKnownFileType = sourcecode.swift; path = Tests_iOSLaunchTests.swift; sourceTree = "<group>"; };
		1392C27E28F9808C009B0CBF /* Tests macOS.xctest */ = {isa = PBXFileReference; explicitFileType = wrapper.cfbundle; includeInIndex = 0; path = "Tests macOS.xctest"; sourceTree = BUILT_PRODUCTS_DIR; };
		1392C28228F9808C009B0CBF /* Tests_macOS.swift */ = {isa = PBXFileReference; lastKnownFileType = sourcecode.swift; path = Tests_macOS.swift; sourceTree = "<group>"; };
		1392C28428F9808C009B0CBF /* Tests_macOSLaunchTests.swift */ = {isa = PBXFileReference; lastKnownFileType = sourcecode.swift; path = Tests_macOSLaunchTests.swift; sourceTree = "<group>"; };
/* End PBXFileReference section */

/* Begin PBXFrameworksBuildPhase section */
		1392C26228F9808B009B0CBF /* Frameworks */ = {
			isa = PBXFrameworksBuildPhase;
			buildActionMask = 2147483647;
			files = (
			);
			runOnlyForDeploymentPostprocessing = 0;
		};
		1392C26828F9808C009B0CBF /* Frameworks */ = {
			isa = PBXFrameworksBuildPhase;
			buildActionMask = 2147483647;
			files = (
			);
			runOnlyForDeploymentPostprocessing = 0;
		};
		1392C26F28F9808C009B0CBF /* Frameworks */ = {
			isa = PBXFrameworksBuildPhase;
			buildActionMask = 2147483647;
			files = (
			);
			runOnlyForDeploymentPostprocessing = 0;
		};
		1392C27B28F9808C009B0CBF /* Frameworks */ = {
			isa = PBXFrameworksBuildPhase;
			buildActionMask = 2147483647;
			files = (
			);
			runOnlyForDeploymentPostprocessing = 0;
		};
/* End PBXFrameworksBuildPhase section */

/* Begin PBXGroup section */
		131441DE2902B7CE00732AF7 /* Views */ = {
			isa = PBXGroup;
			children = (
				131441E02902B7F700732AF7 /* Subview */,
				131441DF2902B7EA00732AF7 /* Screens */,
			);
			path = Views;
			sourceTree = "<group>";
		};
		131441DF2902B7EA00732AF7 /* Screens */ = {
			isa = PBXGroup;
			children = (
				1392C25E28F98088009B0CBF /* InstagramCloneApp.swift */,
				1392C25F28F98088009B0CBF /* ContentView.swift */,
				131441E42902C3F000732AF7 /* FeedView.swift */,
				131441EF2902DF4E00732AF7 /* CommentView.swift */,
				131441F829055B3C00732AF7 /* BrowseView.swift */,
				131442012905839500732AF7 /* UploadView.swift */,
			);
			path = Screens;
			sourceTree = "<group>";
		};
		131441E02902B7F700732AF7 /* Subview */ = {
			isa = PBXGroup;
			children = (
				131441E72902C4D200732AF7 /* PostView.swift */,
				131441F22902E33600732AF7 /* MessageView.swift */,
				131441FB29055F0400732AF7 /* CarousselView.swift */,
				131441FE2905672A00732AF7 /* ImageGridView.swift */,
				1314420429058B7100732AF7 /* ImagePicker.swift */,
			);
			path = Subview;
			sourceTree = "<group>";
		};
		131441E12902BB9C00732AF7 /* Helpers */ = {
			isa = PBXGroup;
			children = (
				131441E22902BBC000732AF7 /* Extensions.swift */,
			);
			path = Helpers;
			sourceTree = "<group>";
		};
		131441EA2902D51500732AF7 /* Model */ = {
			isa = PBXGroup;
			children = (
				131441EB2902D52E00732AF7 /* PostModel.swift */,
				131441ED2902D8D200732AF7 /* PostArrayObject.swift */,
				131441F52902E46800732AF7 /* CommentModel.swift */,
			);
			path = Model;
			sourceTree = "<group>";
		};
		1392C25828F98088009B0CBF = {
			isa = PBXGroup;
			children = (
				1392C25D28F98088009B0CBF /* Shared */,
				1392C26C28F9808C009B0CBF /* macOS */,
				1392C27528F9808C009B0CBF /* Tests iOS */,
				1392C28128F9808C009B0CBF /* Tests macOS */,
				1392C26628F9808B009B0CBF /* Products */,
			);
			sourceTree = "<group>";
		};
		1392C25D28F98088009B0CBF /* Shared */ = {
			isa = PBXGroup;
			children = (
				131441EA2902D51500732AF7 /* Model */,
				131441E12902BB9C00732AF7 /* Helpers */,
				131441DE2902B7CE00732AF7 /* Views */,
				1392C26028F9808B009B0CBF /* Assets.xcassets */,
			);
			path = Shared;
			sourceTree = "<group>";
		};
		1392C26628F9808B009B0CBF /* Products */ = {
			isa = PBXGroup;
			children = (
				1392C26528F9808B009B0CBF /* InstagramClone.app */,
				1392C26B28F9808C009B0CBF /* InstagramClone.app */,
				1392C27228F9808C009B0CBF /* Tests iOS.xctest */,
				1392C27E28F9808C009B0CBF /* Tests macOS.xctest */,
			);
			name = Products;
			sourceTree = "<group>";
		};
		1392C26C28F9808C009B0CBF /* macOS */ = {
			isa = PBXGroup;
			children = (
				1392C26D28F9808C009B0CBF /* macOS.entitlements */,
			);
			path = macOS;
			sourceTree = "<group>";
		};
		1392C27528F9808C009B0CBF /* Tests iOS */ = {
			isa = PBXGroup;
			children = (
				1392C27628F9808C009B0CBF /* Tests_iOS.swift */,
				1392C27828F9808C009B0CBF /* Tests_iOSLaunchTests.swift */,
			);
			path = "Tests iOS";
			sourceTree = "<group>";
		};
		1392C28128F9808C009B0CBF /* Tests macOS */ = {
			isa = PBXGroup;
			children = (
				1392C28228F9808C009B0CBF /* Tests_macOS.swift */,
				1392C28428F9808C009B0CBF /* Tests_macOSLaunchTests.swift */,
			);
			path = "Tests macOS";
			sourceTree = "<group>";
		};
/* End PBXGroup section */

/* Begin PBXNativeTarget section */
		1392C26428F9808B009B0CBF /* InstagramClone (iOS) */ = {
			isa = PBXNativeTarget;
			buildConfigurationList = 1392C28E28F9808C009B0CBF /* Build configuration list for PBXNativeTarget "InstagramClone (iOS)" */;
			buildPhases = (
				1392C26128F9808B009B0CBF /* Sources */,
				1392C26228F9808B009B0CBF /* Frameworks */,
				1392C26328F9808B009B0CBF /* Resources */,
			);
			buildRules = (
			);
			dependencies = (
			);
			name = "InstagramClone (iOS)";
			productName = "InstagramClone (iOS)";
			productReference = 1392C26528F9808B009B0CBF /* InstagramClone.app */;
			productType = "com.apple.product-type.application";
		};
		1392C26A28F9808C009B0CBF /* InstagramClone (macOS) */ = {
			isa = PBXNativeTarget;
			buildConfigurationList = 1392C29128F9808C009B0CBF /* Build configuration list for PBXNativeTarget "InstagramClone (macOS)" */;
			buildPhases = (
				1392C26728F9808C009B0CBF /* Sources */,
				1392C26828F9808C009B0CBF /* Frameworks */,
				1392C26928F9808C009B0CBF /* Resources */,
			);
			buildRules = (
			);
			dependencies = (
			);
			name = "InstagramClone (macOS)";
			productName = "InstagramClone (macOS)";
			productReference = 1392C26B28F9808C009B0CBF /* InstagramClone.app */;
			productType = "com.apple.product-type.application";
		};
		1392C27128F9808C009B0CBF /* Tests iOS */ = {
			isa = PBXNativeTarget;
			buildConfigurationList = 1392C29428F9808C009B0CBF /* Build configuration list for PBXNativeTarget "Tests iOS" */;
			buildPhases = (
				1392C26E28F9808C009B0CBF /* Sources */,
				1392C26F28F9808C009B0CBF /* Frameworks */,
				1392C27028F9808C009B0CBF /* Resources */,
			);
			buildRules = (
			);
			dependencies = (
				1392C27428F9808C009B0CBF /* PBXTargetDependency */,
			);
			name = "Tests iOS";
			productName = "Tests iOS";
			productReference = 1392C27228F9808C009B0CBF /* Tests iOS.xctest */;
			productType = "com.apple.product-type.bundle.ui-testing";
		};
		1392C27D28F9808C009B0CBF /* Tests macOS */ = {
			isa = PBXNativeTarget;
			buildConfigurationList = 1392C29728F9808C009B0CBF /* Build configuration list for PBXNativeTarget "Tests macOS" */;
			buildPhases = (
				1392C27A28F9808C009B0CBF /* Sources */,
				1392C27B28F9808C009B0CBF /* Frameworks */,
				1392C27C28F9808C009B0CBF /* Resources */,
			);
			buildRules = (
			);
			dependencies = (
				1392C28028F9808C009B0CBF /* PBXTargetDependency */,
			);
			name = "Tests macOS";
			productName = "Tests macOS";
			productReference = 1392C27E28F9808C009B0CBF /* Tests macOS.xctest */;
			productType = "com.apple.product-type.bundle.ui-testing";
		};
/* End PBXNativeTarget section */

/* Begin PBXProject section */
		1392C25928F98088009B0CBF /* Project object */ = {
			isa = PBXProject;
			attributes = {
				BuildIndependentTargetsInParallel = 1;
				LastSwiftUpdateCheck = 1340;
				LastUpgradeCheck = 1340;
				TargetAttributes = {
					1392C26428F9808B009B0CBF = {
						CreatedOnToolsVersion = 13.4.1;
					};
					1392C26A28F9808C009B0CBF = {
						CreatedOnToolsVersion = 13.4.1;
					};
					1392C27128F9808C009B0CBF = {
						CreatedOnToolsVersion = 13.4.1;
						TestTargetID = 1392C26428F9808B009B0CBF;
					};
					1392C27D28F9808C009B0CBF = {
						CreatedOnToolsVersion = 13.4.1;
						TestTargetID = 1392C26A28F9808C009B0CBF;
					};
				};
			};
			buildConfigurationList = 1392C25C28F98088009B0CBF /* Build configuration list for PBXProject "InstagramClone" */;
			compatibilityVersion = "Xcode 13.0";
			developmentRegion = en;
			hasScannedForEncodings = 0;
			knownRegions = (
				en,
				Base,
			);
			mainGroup = 1392C25828F98088009B0CBF;
			productRefGroup = 1392C26628F9808B009B0CBF /* Products */;
			projectDirPath = "";
			projectRoot = "";
			targets = (
				1392C26428F9808B009B0CBF /* InstagramClone (iOS) */,
				1392C26A28F9808C009B0CBF /* InstagramClone (macOS) */,
				1392C27128F9808C009B0CBF /* Tests iOS */,
				1392C27D28F9808C009B0CBF /* Tests macOS */,
			);
		};
/* End PBXProject section */

/* Begin PBXResourcesBuildPhase section */
		1392C26328F9808B009B0CBF /* Resources */ = {
			isa = PBXResourcesBuildPhase;
			buildActionMask = 2147483647;
			files = (
				1392C28A28F9808C009B0CBF /* Assets.xcassets in Resources */,
			);
			runOnlyForDeploymentPostprocessing = 0;
		};
		1392C26928F9808C009B0CBF /* Resources */ = {
			isa = PBXResourcesBuildPhase;
			buildActionMask = 2147483647;
			files = (
				1392C28B28F9808C009B0CBF /* Assets.xcassets in Resources */,
			);
			runOnlyForDeploymentPostprocessing = 0;
		};
		1392C27028F9808C009B0CBF /* Resources */ = {
			isa = PBXResourcesBuildPhase;
			buildActionMask = 2147483647;
			files = (
			);
			runOnlyForDeploymentPostprocessing = 0;
		};
		1392C27C28F9808C009B0CBF /* Resources */ = {
			isa = PBXResourcesBuildPhase;
			buildActionMask = 2147483647;
			files = (
			);
			runOnlyForDeploymentPostprocessing = 0;
		};
/* End PBXResourcesBuildPhase section */

/* Begin PBXSourcesBuildPhase section */
		1392C26128F9808B009B0CBF /* Sources */ = {
			isa = PBXSourcesBuildPhase;
			buildActionMask = 2147483647;
			files = (
				131441E52902C3F000732AF7 /* FeedView.swift in Sources */,
				131441EC2902D52E00732AF7 /* PostModel.swift in Sources */,
				131441FC29055F0400732AF7 /* CarousselView.swift in Sources */,
				131441F02902DF4E00732AF7 /* CommentView.swift in Sources */,
				131441F32902E33600732AF7 /* MessageView.swift in Sources */,
				1392C28828F9808C009B0CBF /* ContentView.swift in Sources */,
				131441FF2905672A00732AF7 /* ImageGridView.swift in Sources */,
				131441E32902BBC000732AF7 /* Extensions.swift in Sources */,
				131441EE2902D8D200732AF7 /* PostArrayObject.swift in Sources */,
				131441F929055B3C00732AF7 /* BrowseView.swift in Sources */,
				131441F62902E46800732AF7 /* CommentModel.swift in Sources */,
				131442022905839500732AF7 /* UploadView.swift in Sources */,
				1314420529058B7100732AF7 /* ImagePicker.swift in Sources */,
				131441E82902C4D300732AF7 /* PostView.swift in Sources */,
				1392C28628F9808C009B0CBF /* InstagramCloneApp.swift in Sources */,
			);
			runOnlyForDeploymentPostprocessing = 0;
		};
		1392C26728F9808C009B0CBF /* Sources */ = {
			isa = PBXSourcesBuildPhase;
			buildActionMask = 2147483647;
			files = (
				131442002905672A00732AF7 /* ImageGridView.swift in Sources */,
				131442032905839500732AF7 /* UploadView.swift in Sources */,
				131441FA29055B3C00732AF7 /* BrowseView.swift in Sources */,
				131441F42902E33600732AF7 /* MessageView.swift in Sources */,
				1392C28928F9808C009B0CBF /* ContentView.swift in Sources */,
				131441E62902C3F000732AF7 /* FeedView.swift in Sources */,
				131441E92902C4D300732AF7 /* PostView.swift in Sources */,
				131441F72902E46800732AF7 /* CommentModel.swift in Sources */,
				131441F12902DF4E00732AF7 /* CommentView.swift in Sources */,
				1314420629058B7100732AF7 /* ImagePicker.swift in Sources */,
				1392C28728F9808C009B0CBF /* InstagramCloneApp.swift in Sources */,
				131441FD29055F0400732AF7 /* CarousselView.swift in Sources */,
			);
			runOnlyForDeploymentPostprocessing = 0;
		};
		1392C26E28F9808C009B0CBF /* Sources */ = {
			isa = PBXSourcesBuildPhase;
			buildActionMask = 2147483647;
			files = (
				1392C27928F9808C009B0CBF /* Tests_iOSLaunchTests.swift in Sources */,
				1392C27728F9808C009B0CBF /* Tests_iOS.swift in Sources */,
			);
			runOnlyForDeploymentPostprocessing = 0;
		};
		1392C27A28F9808C009B0CBF /* Sources */ = {
			isa = PBXSourcesBuildPhase;
			buildActionMask = 2147483647;
			files = (
				1392C28528F9808C009B0CBF /* Tests_macOSLaunchTests.swift in Sources */,
				1392C28328F9808C009B0CBF /* Tests_macOS.swift in Sources */,
			);
			runOnlyForDeploymentPostprocessing = 0;
		};
/* End PBXSourcesBuildPhase section */

/* Begin PBXTargetDependency section */
		1392C27428F9808C009B0CBF /* PBXTargetDependency */ = {
			isa = PBXTargetDependency;
			target = 1392C26428F9808B009B0CBF /* InstagramClone (iOS) */;
			targetProxy = 1392C27328F9808C009B0CBF /* PBXContainerItemProxy */;
		};
		1392C28028F9808C009B0CBF /* PBXTargetDependency */ = {
			isa = PBXTargetDependency;
			target = 1392C26A28F9808C009B0CBF /* InstagramClone (macOS) */;
			targetProxy = 1392C27F28F9808C009B0CBF /* PBXContainerItemProxy */;
		};
/* End PBXTargetDependency section */

/* Begin XCBuildConfiguration section */
		1392C28C28F9808C009B0CBF /* Debug */ = {
			isa = XCBuildConfiguration;
			buildSettings = {
				ALWAYS_SEARCH_USER_PATHS = NO;
				CLANG_ANALYZER_NONNULL = YES;
				CLANG_ANALYZER_NUMBER_OBJECT_CONVERSION = YES_AGGRESSIVE;
				CLANG_CXX_LANGUAGE_STANDARD = "gnu++17";
				CLANG_ENABLE_MODULES = YES;
				CLANG_ENABLE_OBJC_ARC = YES;
				CLANG_ENABLE_OBJC_WEAK = YES;
				CLANG_WARN_BLOCK_CAPTURE_AUTORELEASING = YES;
				CLANG_WARN_BOOL_CONVERSION = YES;
				CLANG_WARN_COMMA = YES;
				CLANG_WARN_CONSTANT_CONVERSION = YES;
				CLANG_WARN_DEPRECATED_OBJC_IMPLEMENTATIONS = YES;
				CLANG_WARN_DIRECT_OBJC_ISA_USAGE = YES_ERROR;
				CLANG_WARN_DOCUMENTATION_COMMENTS = YES;
				CLANG_WARN_EMPTY_BODY = YES;
				CLANG_WARN_ENUM_CONVERSION = YES;
				CLANG_WARN_INFINITE_RECURSION = YES;
				CLANG_WARN_INT_CONVERSION = YES;
				CLANG_WARN_NON_LITERAL_NULL_CONVERSION = YES;
				CLANG_WARN_OBJC_IMPLICIT_RETAIN_SELF = YES;
				CLANG_WARN_OBJC_LITERAL_CONVERSION = YES;
				CLANG_WARN_OBJC_ROOT_CLASS = YES_ERROR;
				CLANG_WARN_QUOTED_INCLUDE_IN_FRAMEWORK_HEADER = YES;
				CLANG_WARN_RANGE_LOOP_ANALYSIS = YES;
				CLANG_WARN_STRICT_PROTOTYPES = YES;
				CLANG_WARN_SUSPICIOUS_MOVE = YES;
				CLANG_WARN_UNGUARDED_AVAILABILITY = YES_AGGRESSIVE;
				CLANG_WARN_UNREACHABLE_CODE = YES;
				CLANG_WARN__DUPLICATE_METHOD_MATCH = YES;
				COPY_PHASE_STRIP = NO;
				DEBUG_INFORMATION_FORMAT = dwarf;
				ENABLE_STRICT_OBJC_MSGSEND = YES;
				ENABLE_TESTABILITY = YES;
				GCC_C_LANGUAGE_STANDARD = gnu11;
				GCC_DYNAMIC_NO_PIC = NO;
				GCC_NO_COMMON_BLOCKS = YES;
				GCC_OPTIMIZATION_LEVEL = 0;
				GCC_PREPROCESSOR_DEFINITIONS = (
					"DEBUG=1",
					"$(inherited)",
				);
				GCC_WARN_64_TO_32_BIT_CONVERSION = YES;
				GCC_WARN_ABOUT_RETURN_TYPE = YES_ERROR;
				GCC_WARN_UNDECLARED_SELECTOR = YES;
				GCC_WARN_UNINITIALIZED_AUTOS = YES_AGGRESSIVE;
				GCC_WARN_UNUSED_FUNCTION = YES;
				GCC_WARN_UNUSED_VARIABLE = YES;
				MTL_ENABLE_DEBUG_INFO = INCLUDE_SOURCE;
				MTL_FAST_MATH = YES;
				ONLY_ACTIVE_ARCH = YES;
				SWIFT_ACTIVE_COMPILATION_CONDITIONS = DEBUG;
				SWIFT_OPTIMIZATION_LEVEL = "-Onone";
			};
			name = Debug;
		};
		1392C28D28F9808C009B0CBF /* Release */ = {
			isa = XCBuildConfiguration;
			buildSettings = {
				ALWAYS_SEARCH_USER_PATHS = NO;
				CLANG_ANALYZER_NONNULL = YES;
				CLANG_ANALYZER_NUMBER_OBJECT_CONVERSION = YES_AGGRESSIVE;
				CLANG_CXX_LANGUAGE_STANDARD = "gnu++17";
				CLANG_ENABLE_MODULES = YES;
				CLANG_ENABLE_OBJC_ARC = YES;
				CLANG_ENABLE_OBJC_WEAK = YES;
				CLANG_WARN_BLOCK_CAPTURE_AUTORELEASING = YES;
				CLANG_WARN_BOOL_CONVERSION = YES;
				CLANG_WARN_COMMA = YES;
				CLANG_WARN_CONSTANT_CONVERSION = YES;
				CLANG_WARN_DEPRECATED_OBJC_IMPLEMENTATIONS = YES;
				CLANG_WARN_DIRECT_OBJC_ISA_USAGE = YES_ERROR;
				CLANG_WARN_DOCUMENTATION_COMMENTS = YES;
				CLANG_WARN_EMPTY_BODY = YES;
				CLANG_WARN_ENUM_CONVERSION = YES;
				CLANG_WARN_INFINITE_RECURSION = YES;
				CLANG_WARN_INT_CONVERSION = YES;
				CLANG_WARN_NON_LITERAL_NULL_CONVERSION = YES;
				CLANG_WARN_OBJC_IMPLICIT_RETAIN_SELF = YES;
				CLANG_WARN_OBJC_LITERAL_CONVERSION = YES;
				CLANG_WARN_OBJC_ROOT_CLASS = YES_ERROR;
				CLANG_WARN_QUOTED_INCLUDE_IN_FRAMEWORK_HEADER = YES;
				CLANG_WARN_RANGE_LOOP_ANALYSIS = YES;
				CLANG_WARN_STRICT_PROTOTYPES = YES;
				CLANG_WARN_SUSPICIOUS_MOVE = YES;
				CLANG_WARN_UNGUARDED_AVAILABILITY = YES_AGGRESSIVE;
				CLANG_WARN_UNREACHABLE_CODE = YES;
				CLANG_WARN__DUPLICATE_METHOD_MATCH = YES;
				COPY_PHASE_STRIP = NO;
				DEBUG_INFORMATION_FORMAT = "dwarf-with-dsym";
				ENABLE_NS_ASSERTIONS = NO;
				ENABLE_STRICT_OBJC_MSGSEND = YES;
				GCC_C_LANGUAGE_STANDARD = gnu11;
				GCC_NO_COMMON_BLOCKS = YES;
				GCC_WARN_64_TO_32_BIT_CONVERSION = YES;
				GCC_WARN_ABOUT_RETURN_TYPE = YES_ERROR;
				GCC_WARN_UNDECLARED_SELECTOR = YES;
				GCC_WARN_UNINITIALIZED_AUTOS = YES_AGGRESSIVE;
				GCC_WARN_UNUSED_FUNCTION = YES;
				GCC_WARN_UNUSED_VARIABLE = YES;
				MTL_ENABLE_DEBUG_INFO = NO;
				MTL_FAST_MATH = YES;
				SWIFT_COMPILATION_MODE = wholemodule;
				SWIFT_OPTIMIZATION_LEVEL = "-O";
			};
			name = Release;
		};
		1392C28F28F9808C009B0CBF /* Debug */ = {
			isa = XCBuildConfiguration;
			buildSettings = {
				ASSETCATALOG_COMPILER_APPICON_NAME = AppIcon;
				ASSETCATALOG_COMPILER_GLOBAL_ACCENT_COLOR_NAME = AccentColor;
				CODE_SIGN_STYLE = Automatic;
				CURRENT_PROJECT_VERSION = 1;
				DEVELOPMENT_TEAM = "";
				ENABLE_PREVIEWS = YES;
				GENERATE_INFOPLIST_FILE = YES;
				INFOPLIST_KEY_NSCameraUsageDescription = "This app uses the camera at the user's request to take a photo.";
				INFOPLIST_KEY_NSPhotoLibraryUsageDescription = "This allows the app to access the photo library to import or save photo at the user's request.";
				INFOPLIST_KEY_UIApplicationSceneManifest_Generation = YES;
				INFOPLIST_KEY_UIApplicationSupportsIndirectInputEvents = YES;
				INFOPLIST_KEY_UILaunchScreen_Generation = YES;
				INFOPLIST_KEY_UISupportedInterfaceOrientations_iPad = "UIInterfaceOrientationPortrait UIInterfaceOrientationPortraitUpsideDown UIInterfaceOrientationLandscapeLeft UIInterfaceOrientationLandscapeRight";
				INFOPLIST_KEY_UISupportedInterfaceOrientations_iPhone = "UIInterfaceOrientationPortrait UIInterfaceOrientationLandscapeLeft UIInterfaceOrientationLandscapeRight";
				IPHONEOS_DEPLOYMENT_TARGET = 14.0;
				LD_RUNPATH_SEARCH_PATHS = (
					"$(inherited)",
					"@executable_path/Frameworks",
				);
				MARKETING_VERSION = 1.0;
				PRODUCT_BUNDLE_IDENTIFIER = com.mbayenn.app.InstagramClone;
				PRODUCT_NAME = InstagramClone;
				SDKROOT = iphoneos;
				SWIFT_EMIT_LOC_STRINGS = YES;
				SWIFT_VERSION = 5.0;
				TARGETED_DEVICE_FAMILY = "1,2";
			};
			name = Debug;
		};
		1392C29028F9808C009B0CBF /* Release */ = {
			isa = XCBuildConfiguration;
			buildSettings = {
				ASSETCATALOG_COMPILER_APPICON_NAME = AppIcon;
				ASSETCATALOG_COMPILER_GLOBAL_ACCENT_COLOR_NAME = AccentColor;
				CODE_SIGN_STYLE = Automatic;
				CURRENT_PROJECT_VERSION = 1;
				DEVELOPMENT_TEAM = "";
				ENABLE_PREVIEWS = YES;
				GENERATE_INFOPLIST_FILE = YES;
				INFOPLIST_KEY_NSCameraUsageDescription = "This app uses the camera at the user's request to take a photo.";
				INFOPLIST_KEY_NSPhotoLibraryUsageDescription = "This allows the app to access the photo library to import or save photo at the user's request.";
				INFOPLIST_KEY_UIApplicationSceneManifest_Generation = YES;
				INFOPLIST_KEY_UIApplicationSupportsIndirectInputEvents = YES;
				INFOPLIST_KEY_UILaunchScreen_Generation = YES;
				INFOPLIST_KEY_UISupportedInterfaceOrientations_iPad = "UIInterfaceOrientationPortrait UIInterfaceOrientationPortraitUpsideDown UIInterfaceOrientationLandscapeLeft UIInterfaceOrientationLandscapeRight";
				INFOPLIST_KEY_UISupportedInterfaceOrientations_iPhone = "UIInterfaceOrientationPortrait UIInterfaceOrientationLandscapeLeft UIInterfaceOrientationLandscapeRight";
				IPHONEOS_DEPLOYMENT_TARGET = 14.0;
				LD_RUNPATH_SEARCH_PATHS = (
					"$(inherited)",
					"@executable_path/Frameworks",
				);
				MARKETING_VERSION = 1.0;
				PRODUCT_BUNDLE_IDENTIFIER = com.mbayenn.app.InstagramClone;
				PRODUCT_NAME = InstagramClone;
				SDKROOT = iphoneos;
				SWIFT_EMIT_LOC_STRINGS = YES;
				SWIFT_VERSION = 5.0;
				TARGETED_DEVICE_FAMILY = "1,2";
				VALIDATE_PRODUCT = YES;
			};
			name = Release;
		};
		1392C29228F9808C009B0CBF /* Debug */ = {
			isa = XCBuildConfiguration;
			buildSettings = {
				ASSETCATALOG_COMPILER_APPICON_NAME = AppIcon;
				ASSETCATALOG_COMPILER_GLOBAL_ACCENT_COLOR_NAME = AccentColor;
				CODE_SIGN_ENTITLEMENTS = macOS/macOS.entitlements;
				CODE_SIGN_STYLE = Automatic;
				COMBINE_HIDPI_IMAGES = YES;
				CURRENT_PROJECT_VERSION = 1;
				ENABLE_PREVIEWS = YES;
				GENERATE_INFOPLIST_FILE = YES;
				INFOPLIST_KEY_NSHumanReadableCopyright = "";
				LD_RUNPATH_SEARCH_PATHS = (
					"$(inherited)",
					"@executable_path/../Frameworks",
				);
				MACOSX_DEPLOYMENT_TARGET = 12.2;
				MARKETING_VERSION = 1.0;
				PRODUCT_BUNDLE_IDENTIFIER = com.mbayenn.app.InstagramClone;
				PRODUCT_NAME = InstagramClone;
				SDKROOT = macosx;
				SWIFT_EMIT_LOC_STRINGS = YES;
				SWIFT_VERSION = 5.0;
			};
			name = Debug;
		};
		1392C29328F9808C009B0CBF /* Release */ = {
			isa = XCBuildConfiguration;
			buildSettings = {
				ASSETCATALOG_COMPILER_APPICON_NAME = AppIcon;
				ASSETCATALOG_COMPILER_GLOBAL_ACCENT_COLOR_NAME = AccentColor;
				CODE_SIGN_ENTITLEMENTS = macOS/macOS.entitlements;
				CODE_SIGN_STYLE = Automatic;
				COMBINE_HIDPI_IMAGES = YES;
				CURRENT_PROJECT_VERSION = 1;
				ENABLE_PREVIEWS = YES;
				GENERATE_INFOPLIST_FILE = YES;
				INFOPLIST_KEY_NSHumanReadableCopyright = "";
				LD_RUNPATH_SEARCH_PATHS = (
					"$(inherited)",
					"@executable_path/../Frameworks",
				);
				MACOSX_DEPLOYMENT_TARGET = 12.2;
				MARKETING_VERSION = 1.0;
				PRODUCT_BUNDLE_IDENTIFIER = com.mbayenn.app.InstagramClone;
				PRODUCT_NAME = InstagramClone;
				SDKROOT = macosx;
				SWIFT_EMIT_LOC_STRINGS = YES;
				SWIFT_VERSION = 5.0;
			};
			name = Release;
		};
		1392C29528F9808C009B0CBF /* Debug */ = {
			isa = XCBuildConfiguration;
			buildSettings = {
				ALWAYS_EMBED_SWIFT_STANDARD_LIBRARIES = YES;
				CODE_SIGN_STYLE = Automatic;
				CURRENT_PROJECT_VERSION = 1;
				GENERATE_INFOPLIST_FILE = YES;
				IPHONEOS_DEPLOYMENT_TARGET = 15.5;
				MARKETING_VERSION = 1.0;
				PRODUCT_BUNDLE_IDENTIFIER = "com.mbayenn.app.Tests-iOS";
				PRODUCT_NAME = "$(TARGET_NAME)";
				SDKROOT = iphoneos;
				SWIFT_EMIT_LOC_STRINGS = NO;
				SWIFT_VERSION = 5.0;
				TARGETED_DEVICE_FAMILY = "1,2";
				TEST_TARGET_NAME = "InstagramClone (iOS)";
			};
			name = Debug;
		};
		1392C29628F9808C009B0CBF /* Release */ = {
			isa = XCBuildConfiguration;
			buildSettings = {
				ALWAYS_EMBED_SWIFT_STANDARD_LIBRARIES = YES;
				CODE_SIGN_STYLE = Automatic;
				CURRENT_PROJECT_VERSION = 1;
				GENERATE_INFOPLIST_FILE = YES;
				IPHONEOS_DEPLOYMENT_TARGET = 15.5;
				MARKETING_VERSION = 1.0;
				PRODUCT_BUNDLE_IDENTIFIER = "com.mbayenn.app.Tests-iOS";
				PRODUCT_NAME = "$(TARGET_NAME)";
				SDKROOT = iphoneos;
				SWIFT_EMIT_LOC_STRINGS = NO;
				SWIFT_VERSION = 5.0;
				TARGETED_DEVICE_FAMILY = "1,2";
				TEST_TARGET_NAME = "InstagramClone (iOS)";
				VALIDATE_PRODUCT = YES;
			};
			name = Release;
		};
		1392C29828F9808C009B0CBF /* Debug */ = {
			isa = XCBuildConfiguration;
			buildSettings = {
				ALWAYS_EMBED_SWIFT_STANDARD_LIBRARIES = YES;
				CODE_SIGN_STYLE = Automatic;
				CURRENT_PROJECT_VERSION = 1;
				GENERATE_INFOPLIST_FILE = YES;
				MACOSX_DEPLOYMENT_TARGET = 12.2;
				MARKETING_VERSION = 1.0;
				PRODUCT_BUNDLE_IDENTIFIER = "com.mbayenn.app.Tests-macOS";
				PRODUCT_NAME = "$(TARGET_NAME)";
				SDKROOT = macosx;
				SWIFT_EMIT_LOC_STRINGS = NO;
				SWIFT_VERSION = 5.0;
				TEST_TARGET_NAME = "InstagramClone (macOS)";
			};
			name = Debug;
		};
		1392C29928F9808C009B0CBF /* Release */ = {
			isa = XCBuildConfiguration;
			buildSettings = {
				ALWAYS_EMBED_SWIFT_STANDARD_LIBRARIES = YES;
				CODE_SIGN_STYLE = Automatic;
				CURRENT_PROJECT_VERSION = 1;
				GENERATE_INFOPLIST_FILE = YES;
				MACOSX_DEPLOYMENT_TARGET = 12.2;
				MARKETING_VERSION = 1.0;
				PRODUCT_BUNDLE_IDENTIFIER = "com.mbayenn.app.Tests-macOS";
				PRODUCT_NAME = "$(TARGET_NAME)";
				SDKROOT = macosx;
				SWIFT_EMIT_LOC_STRINGS = NO;
				SWIFT_VERSION = 5.0;
				TEST_TARGET_NAME = "InstagramClone (macOS)";
			};
			name = Release;
		};
/* End XCBuildConfiguration section */

/* Begin XCConfigurationList section */
		1392C25C28F98088009B0CBF /* Build configuration list for PBXProject "InstagramClone" */ = {
			isa = XCConfigurationList;
			buildConfigurations = (
				1392C28C28F9808C009B0CBF /* Debug */,
				1392C28D28F9808C009B0CBF /* Release */,
			);
			defaultConfigurationIsVisible = 0;
			defaultConfigurationName = Release;
		};
		1392C28E28F9808C009B0CBF /* Build configuration list for PBXNativeTarget "InstagramClone (iOS)" */ = {
			isa = XCConfigurationList;
			buildConfigurations = (
				1392C28F28F9808C009B0CBF /* Debug */,
				1392C29028F9808C009B0CBF /* Release */,
			);
			defaultConfigurationIsVisible = 0;
			defaultConfigurationName = Release;
		};
		1392C29128F9808C009B0CBF /* Build configuration list for PBXNativeTarget "InstagramClone (macOS)" */ = {
			isa = XCConfigurationList;
			buildConfigurations = (
				1392C29228F9808C009B0CBF /* Debug */,
				1392C29328F9808C009B0CBF /* Release */,
			);
			defaultConfigurationIsVisible = 0;
			defaultConfigurationName = Release;
		};
		1392C29428F9808C009B0CBF /* Build configuration list for PBXNativeTarget "Tests iOS" */ = {
			isa = XCConfigurationList;
			buildConfigurations = (
				1392C29528F9808C009B0CBF /* Debug */,
				1392C29628F9808C009B0CBF /* Release */,
			);
			defaultConfigurationIsVisible = 0;
			defaultConfigurationName = Release;
		};
		1392C29728F9808C009B0CBF /* Build configuration list for PBXNativeTarget "Tests macOS" */ = {
			isa = XCConfigurationList;
			buildConfigurations = (
				1392C29828F9808C009B0CBF /* Debug */,
				1392C29928F9808C009B0CBF /* Release */,
			);
			defaultConfigurationIsVisible = 0;
			defaultConfigurationName = Release;
		};
/* End XCConfigurationList section */
	};
	rootObject = 1392C25928F98088009B0CBF /* Project object */;
}
